
Microsoft Visual Studio Solution File, Format Version 12.00
# Visual Studio Version 17
VisualStudioVersion = 17.5.002.0
MinimumVisualStudioVersion = 10.0.40219.1
Project("{9A19103F-16F7-4668-BE54-9A1E7A4F7556}") = "ScaffoldDeneme", "ScaffoldDeneme.csproj", "{EA56E786-4CE9-4D6B-B97B-A3B7462A2953}"
EndProject
Global
	GlobalSection(SolutionConfigurationPlatforms) = preSolution
		Debug|Any CPU = Debug|Any CPU
		Release|Any CPU = Release|Any CPU
	EndGlobalSection
	GlobalSection(ProjectConfigurationPlatforms) = postSolution
		{EA56E786-4CE9-4D6B-B97B-A3B7462A2953}.Debug|Any CPU.ActiveCfg = Debug|Any CPU
		{EA56E786-4CE9-4D6B-B97B-A3B7462A2953}.Debug|Any CPU.Build.0 = Debug|Any CPU
		{EA56E786-4CE9-4D6B-B97B-A3B7462A2953}.Release|Any CPU.ActiveCfg = Release|Any CPU
		{EA56E786-4CE9-4D6B-B97B-A3B7462A2953}.Release|Any CPU.Build.0 = Release|Any CPU
	EndGlobalSection
	GlobalSection(SolutionProperties) = preSolution
		HideSolutionNode = FALSE
	EndGlobalSection
	GlobalSection(ExtensibilityGlobals) = postSolution
		SolutionGuid = {BBE12933-D584-4AE3-9993-DA0C44362D3B}
	EndGlobalSection
EndGlobal
